// !$*UTF8*$!
{
	archiveVersion = 1;
	classes = {
	};
	objectVersion = 50;
	objects = {

/* Begin PBXBuildFile section */
		3E83C6C4203AEFAB00422001 /* AppDelegate.swift in Sources */ = {isa = PBXBuildFile; fileRef = 3E83C6C3203AEFAB00422001 /* AppDelegate.swift */; };
		3E83C6C6203AEFAB00422001 /* ViewController.swift in Sources */ = {isa = PBXBuildFile; fileRef = 3E83C6C5203AEFAB00422001 /* ViewController.swift */; };
		3E83C6C9203AEFAB00422001 /* Main.storyboard in Resources */ = {isa = PBXBuildFile; fileRef = 3E83C6C7203AEFAB00422001 /* Main.storyboard */; };
		3E83C6CC203AEFAB00422001 /* Breathe.xcdatamodeld in Sources */ = {isa = PBXBuildFile; fileRef = 3E83C6CA203AEFAB00422001 /* Breathe.xcdatamodeld */; };
		3E83C6CE203AEFAC00422001 /* Assets.xcassets in Resources */ = {isa = PBXBuildFile; fileRef = 3E83C6CD203AEFAC00422001 /* Assets.xcassets */; };
		3E83C6D1203AEFAC00422001 /* LaunchScreen.storyboard in Resources */ = {isa = PBXBuildFile; fileRef = 3E83C6CF203AEFAC00422001 /* LaunchScreen.storyboard */; };
/* End PBXBuildFile section */

/* Begin PBXFileReference section */
		3E83C6C0203AEFAB00422001 /* Breathe.app */ = {isa = PBXFileReference; explicitFileType = wrapper.application; includeInIndex = 0; path = Breathe.app; sourceTree = BUILT_PRODUCTS_DIR; };
		3E83C6C3203AEFAB00422001 /* AppDelegate.swift */ = {isa = PBXFileReference; lastKnownFileType = sourcecode.swift; path = AppDelegate.swift; sourceTree = "<group>"; };
		3E83C6C5203AEFAB00422001 /* ViewController.swift */ = {isa = PBXFileReference; lastKnownFileType = sourcecode.swift; path = ViewController.swift; sourceTree = "<group>"; };
		3E83C6C8203AEFAB00422001 /* Base */ = {isa = PBXFileReference; lastKnownFileType = file.storyboard; name = Base; path = Base.lproj/Main.storyboard; sourceTree = "<group>"; };
		3E83C6CB203AEFAB00422001 /* Breathe.xcdatamodel */ = {isa = PBXFileReference; lastKnownFileType = wrapper.xcdatamodel; path = Breathe.xcdatamodel; sourceTree = "<group>"; };
		3E83C6CD203AEFAC00422001 /* Assets.xcassets */ = {isa = PBXFileReference; lastKnownFileType = folder.assetcatalog; path = Assets.xcassets; sourceTree = "<group>"; };
		3E83C6D0203AEFAC00422001 /* Base */ = {isa = PBXFileReference; lastKnownFileType = file.storyboard; name = Base; path = Base.lproj/LaunchScreen.storyboard; sourceTree = "<group>"; };
		3E83C6D2203AEFAC00422001 /* Info.plist */ = {isa = PBXFileReference; lastKnownFileType = text.plist.xml; path = Info.plist; sourceTree = "<group>"; };
/* End PBXFileReference section */

/* Begin PBXFrameworksBuildPhase section */
		3E83C6BD203AEFAB00422001 /* Frameworks */ = {
			isa = PBXFrameworksBuildPhase;
			buildActionMask = 2147483647;
			files = (
			);
			runOnlyForDeploymentPostprocessing = 0;
		};
/* End PBXFrameworksBuildPhase section */

/* Begin PBXGroup section */
		3E83C6B7203AEFAB00422001 = {
			isa = PBXGroup;
			children = (
				3E83C6C2203AEFAB00422001 /* Breathe */,
				3E83C6C1203AEFAB00422001 /* Products */,
			);
			sourceTree = "<group>";
		};
		3E83C6C1203AEFAB00422001 /* Products */ = {
			isa = PBXGroup;
			children = (
				3E83C6C0203AEFAB00422001 /* Breathe.app */,
			);
			name = Products;
			sourceTree = "<group>";
		};
		3E83C6C2203AEFAB00422001 /* Breathe */ = {
			isa = PBXGroup;
			children = (
				3E83C6C3203AEFAB00422001 /* AppDelegate.swift */,
				3E83C6C5203AEFAB00422001 /* ViewController.swift */,
				3E83C6C7203AEFAB00422001 /* Main.storyboard */,
				3E83C6CD203AEFAC00422001 /* Assets.xcassets */,
				3E83C6CF203AEFAC00422001 /* LaunchScreen.storyboard */,
				3E83C6D2203AEFAC00422001 /* Info.plist */,
				3E83C6CA203AEFAB00422001 /* Breathe.xcdatamodeld */,
			);
			path = Breathe;
			sourceTree = "<group>";
		};
/* End PBXGroup section */

/* Begin PBXNativeTarget section */
		3E83C6BF203AEFAB00422001 /* Breathe */ = {
			isa = PBXNativeTarget;
			buildConfigurationList = 3E83C6D5203AEFAC00422001 /* Build configuration list for PBXNativeTarget "Breathe" */;
			buildPhases = (
				3E83C6BC203AEFAB00422001 /* Sources */,
				3E83C6BD203AEFAB00422001 /* Frameworks */,
				3E83C6BE203AEFAB00422001 /* Resources */,
			);
			buildRules = (
			);
			dependencies = (
			);
			name = Breathe;
			productName = Breathe;
			productReference = 3E83C6C0203AEFAB00422001 /* Breathe.app */;
			productType = "com.apple.product-type.application";
		};
/* End PBXNativeTarget section */

/* Begin PBXProject section */
		3E83C6B8203AEFAB00422001 /* Project object */ = {
			isa = PBXProject;
			attributes = {
				LastSwiftUpdateCheck = 0930;
				LastUpgradeCheck = 0930;
				ORGANIZATIONNAME = "George Gogarten";
				TargetAttributes = {
					3E83C6BF203AEFAB00422001 = {
						CreatedOnToolsVersion = 9.3;
					};
				};
			};
			buildConfigurationList = 3E83C6BB203AEFAB00422001 /* Build configuration list for PBXProject "Breathe" */;
			compatibilityVersion = "Xcode 9.3";
			developmentRegion = en;
			hasScannedForEncodings = 0;
			knownRegions = (
				en,
				Base,
			);
			mainGroup = 3E83C6B7203AEFAB00422001;
			productRefGroup = 3E83C6C1203AEFAB00422001 /* Products */;
			projectDirPath = "";
			projectRoot = "";
			targets = (
				3E83C6BF203AEFAB00422001 /* Breathe */,
			);
		};
/* End PBXProject section */

/* Begin PBXResourcesBuildPhase section */
		3E83C6BE203AEFAB00422001 /* Resources */ = {
			isa = PBXResourcesBuildPhase;
			buildActionMask = 2147483647;
			files = (
				3E83C6D1203AEFAC00422001 /* LaunchScreen.storyboard in Resources */,
				3E83C6CE203AEFAC00422001 /* Assets.xcassets in Resources */,
				3E83C6C9203AEFAB00422001 /* Main.storyboard in Resources */,
			);
			runOnlyForDeploymentPostprocessing = 0;
		};
/* End PBXResourcesBuildPhase section */

/* Begin PBXSourcesBuildPhase section */
		3E83C6BC203AEFAB00422001 /* Sources */ = {
			isa = PBXSourcesBuildPhase;
			buildActionMask = 2147483647;
			files = (
				3E83C6C6203AEFAB00422001 /* ViewController.swift in Sources */,
				3E83C6CC203AEFAB00422001 /* Breathe.xcdatamodeld in Sources */,
				3E83C6C4203AEFAB00422001 /* AppDelegate.swift in Sources */,
			);
			runOnlyForDeploymentPostprocessing = 0;
		};
/* End PBXSourcesBuildPhase section */

/* Begin PBXVariantGroup section */
		3E83C6C7203AEFAB00422001 /* Main.storyboard */ = {
			isa = PBXVariantGroup;
			children = (
				3E83C6C8203AEFAB00422001 /* Base */,
			);
			name = Main.storyboard;
			sourceTree = "<group>";
		};
		3E83C6CF203AEFAC00422001 /* LaunchScreen.storyboard */ = {
			isa = PBXVariantGroup;
			children = (
				3E83C6D0203AEFAC00422001 /* Base */,
			);
			name = LaunchScreen.storyboard;
			sourceTree = "<group>";
		};
/* End PBXVariantGroup section */

/* Begin XCBuildConfiguration section */
		3E83C6D3203AEFAC00422001 /* Debug */ = {
			isa = XCBuildConfiguration;
			buildSettings = {
				ALWAYS_SEARCH_USER_PATHS = NO;
				CLANG_ANALYZER_NONNULL = YES;
				CLANG_ANALYZER_NUMBER_OBJECT_CONVERSION = YES_AGGRESSIVE;
				CLANG_CXX_LANGUAGE_STANDARD = "gnu++14";
				CLANG_CXX_LIBRARY = "libc++";
				CLANG_ENABLE_MODULES = YES;
				CLANG_ENABLE_OBJC_ARC = YES;
				CLANG_ENABLE_OBJC_WEAK = YES;
				CLANG_WARN_BLOCK_CAPTURE_AUTORELEASING = YES;
				CLANG_WARN_BOOL_CONVERSION = YES;
				CLANG_WARN_COMMA = YES;
				CLANG_WARN_CONSTANT_CONVERSION = YES;
				CLANG_WARN_DEPRECATED_OBJC_IMPLEMENTATIONS = YES;
				CLANG_WARN_DIRECT_OBJC_ISA_USAGE = YES_ERROR;
				CLANG_WARN_DOCUMENTATION_COMMENTS = YES;
				CLANG_WARN_EMPTY_BODY = YES;
				CLANG_WARN_ENUM_CONVERSION = YES;
				CLANG_WARN_INFINITE_RECURSION = YES;
				CLANG_WARN_INT_CONVERSION = YES;
				CLANG_WARN_NON_LITERAL_NULL_CONVERSION = YES;
				CLANG_WARN_OBJC_IMPLICIT_RETAIN_SELF = YES;
				CLANG_WARN_OBJC_LITERAL_CONVERSION = YES;
				CLANG_WARN_OBJC_ROOT_CLASS = YES_ERROR;
				CLANG_WARN_RANGE_LOOP_ANALYSIS = YES;
				CLANG_WARN_STRICT_PROTOTYPES = YES;
				CLANG_WARN_SUSPICIOUS_MOVE = YES;
				CLANG_WARN_UNGUARDED_AVAILABILITY = YES_AGGRESSIVE;
				CLANG_WARN_UNREACHABLE_CODE = YES;
				CLANG_WARN__DUPLICATE_METHOD_MATCH = YES;
				CODE_SIGN_IDENTITY = "iPhone Developer";
				COPY_PHASE_STRIP = NO;
				DEBUG_INFORMATION_FORMAT = dwarf;
				ENABLE_STRICT_OBJC_MSGSEND = YES;
				ENABLE_TESTABILITY = YES;
				GCC_C_LANGUAGE_STANDARD = gnu11;
				GCC_DYNAMIC_NO_PIC = NO;
				GCC_NO_COMMON_BLOCKS = YES;
				GCC_OPTIMIZATION_LEVEL = 0;
				GCC_PREPROCESSOR_DEFINITIONS = (
					"DEBUG=1",
					"$(inherited)",
				);
				GCC_WARN_64_TO_32_BIT_CONVERSION = YES;
				GCC_WARN_ABOUT_RETURN_TYPE = YES_ERROR;
				GCC_WARN_UNDECLARED_SELECTOR = YES;
				GCC_WARN_UNINITIALIZED_AUTOS = YES_AGGRESSIVE;
				GCC_WARN_UNUSED_FUNCTION = YES;
				GCC_WARN_UNUSED_VARIABLE = YES;
				IPHONEOS_DEPLOYMENT_TARGET = 11.3;
				MTL_ENABLE_DEBUG_INFO = YES;
				ONLY_ACTIVE_ARCH = YES;
				SDKROOT = iphoneos;
				SWIFT_ACTIVE_COMPILATION_CONDITIONS = DEBUG;
				SWIFT_OPTIMIZATION_LEVEL = "-Onone";
			};
			name = Debug;
		};
		3E83C6D4203AEFAC00422001 /* Release */ = {
			isa = XCBuildConfiguration;
			buildSettings = {
				ALWAYS_SEARCH_USER_PATHS = NO;
				CLANG_ANALYZER_NONNULL = YES;
				CLANG_ANALYZER_NUMBER_OBJECT_CONVERSION = YES_AGGRESSIVE;
				CLANG_CXX_LANGUAGE_STANDARD = "gnu++14";
				CLANG_CXX_LIBRARY = "libc++";
				CLANG_ENABLE_MODULES = YES;
				CLANG_ENABLE_OBJC_ARC = YES;
				CLANG_ENABLE_OBJC_WEAK = YES;
				CLANG_WARN_BLOCK_CAPTURE_AUTORELEASING = YES;
				CLANG_WARN_BOOL_CONVERSION = YES;
				CLANG_WARN_COMMA = YES;
				CLANG_WARN_CONSTANT_CONVERSION = YES;
				CLANG_WARN_DEPRECATED_OBJC_IMPLEMENTATIONS = YES;
				CLANG_WARN_DIRECT_OBJC_ISA_USAGE = YES_ERROR;
				CLANG_WARN_DOCUMENTATION_COMMENTS = YES;
				CLANG_WARN_EMPTY_BODY = YES;
				CLANG_WARN_ENUM_CONVERSION = YES;
				CLANG_WARN_INFINITE_RECURSION = YES;
				CLANG_WARN_INT_CONVERSION = YES;
				CLANG_WARN_NON_LITERAL_NULL_CONVERSION = YES;
				CLANG_WARN_OBJC_IMPLICIT_RETAIN_SELF = YES;
				CLANG_WARN_OBJC_LITERAL_CONVERSION = YES;
				CLANG_WARN_OBJC_ROOT_CLASS = YES_ERROR;
				CLANG_WARN_RANGE_LOOP_ANALYSIS = YES;
				CLANG_WARN_STRICT_PROTOTYPES = YES;
				CLANG_WARN_SUSPICIOUS_MOVE = YES;
				CLANG_WARN_UNGUARDED_AVAILABILITY = YES_AGGRESSIVE;
				CLANG_WARN_UNREACHABLE_CODE = YES;
				CLANG_WARN__DUPLICATE_METHOD_MATCH = YES;
				CODE_SIGN_IDENTITY = "iPhone Developer";
				COPY_PHASE_STRIP = NO;
				DEBUG_INFORMATION_FORMAT = "dwarf-with-dsym";
				ENABLE_NS_ASSERTIONS = NO;
				ENABLE_STRICT_OBJC_MSGSEND = YES;
				GCC_C_LANGUAGE_STANDARD = gnu11;
				GCC_NO_COMMON_BLOCKS = YES;
				GCC_WARN_64_TO_32_BIT_CONVERSION = YES;
				GCC_WARN_ABOUT_RETURN_TYPE = YES_ERROR;
				GCC_WARN_UNDECLARED_SELECTOR = YES;
				GCC_WARN_UNINITIALIZED_AUTOS = YES_AGGRESSIVE;
				GCC_WARN_UNUSED_FUNCTION = YES;
				GCC_WARN_UNUSED_VARIABLE = YES;
				IPHONEOS_DEPLOYMENT_TARGET = 11.3;
				MTL_ENABLE_DEBUG_INFO = NO;
				SDKROOT = iphoneos;
				SWIFT_OPTIMIZATION_LEVEL = "-Owholemodule";
				VALIDATE_PRODUCT = YES;
			};
			name = Release;
		};
		3E83C6D6203AEFAC00422001 /* Debug */ = {
			isa = XCBuildConfiguration;
			buildSettings = {
				ASSETCATALOG_COMPILER_APPICON_NAME = AppIcon;
				CODE_SIGN_STYLE = Automatic;
				DEVELOPMENT_TEAM = C8G9U4K76Y;
				INFOPLIST_FILE = Breathe/Info.plist;
				LD_RUNPATH_SEARCH_PATHS = (
					"$(inherited)",
					"@executable_path/Frameworks",
				);
				PRODUCT_BUNDLE_IDENTIFIER = com.ggogarten.Breathe;
				PRODUCT_NAME = "$(TARGET_NAME)";
				SWIFT_VERSION = 4.0;
				TARGETED_DEVICE_FAMILY = "1,2";
			};
			name = Debug;
		};
		3E83C6D7203AEFAC00422001 /* Release */ = {
			isa = XCBuildConfiguration;
			buildSettings = {
				ASSETCATALOG_COMPILER_APPICON_NAME = AppIcon;
				CODE_SIGN_STYLE = Automatic;
				DEVELOPMENT_TEAM = C8G9U4K76Y;
				INFOPLIST_FILE = Breathe/Info.plist;
				LD_RUNPATH_SEARCH_PATHS = (
					"$(inherited)",
					"@executable_path/Frameworks",
				);
				PRODUCT_BUNDLE_IDENTIFIER = com.ggogarten.Breathe;
				PRODUCT_NAME = "$(TARGET_NAME)";
				SWIFT_VERSION = 4.0;
				TARGETED_DEVICE_FAMILY = "1,2";
			};
			name = Release;
		};
/* End XCBuildConfiguration section */

/* Begin XCConfigurationList section */
		3E83C6BB203AEFAB00422001 /* Build configuration list for PBXProject "Breathe" */ = {
			isa = XCConfigurationList;
			buildConfigurations = (
				3E83C6D3203AEFAC00422001 /* Debug */,
				3E83C6D4203AEFAC00422001 /* Release */,
			);
			defaultConfigurationIsVisible = 0;
			defaultConfigurationName = Release;
		};
		3E83C6D5203AEFAC00422001 /* Build configuration list for PBXNativeTarget "Breathe" */ = {
			isa = XCConfigurationList;
			buildConfigurations = (
				3E83C6D6203AEFAC00422001 /* Debug */,
				3E83C6D7203AEFAC00422001 /* Release */,
			);
			defaultConfigurationIsVisible = 0;
			defaultConfigurationName = Release;
		};
/* End XCConfigurationList section */

/* Begin XCVersionGroup section */
		3E83C6CA203AEFAB00422001 /* Breathe.xcdatamodeld */ = {
			isa = XCVersionGroup;
			children = (
				3E83C6CB203AEFAB00422001 /* Breathe.xcdatamodel */,
			);
			currentVersion = 3E83C6CB203AEFAB00422001 /* Breathe.xcdatamodel */;
			path = Breathe.xcdatamodeld;
			sourceTree = "<group>";
			versionGroupType = wrapper.xcdatamodel;
		};
/* End XCVersionGroup section */
	};
	rootObject = 3E83C6B8203AEFAB00422001 /* Project object */;
}
